
Microsoft Visual Studio Solution File, Format Version 12.00
# Visual Studio 14
VisualStudioVersion = 14.0.25420.1
MinimumVisualStudioVersion = 10.0.40219.1
Project("{FAE04EC0-301F-11D3-BF4B-00C04F79EFBC}") = "Task_01", "Task_01\Task_01.csproj", "{99636E92-E65B-44EF-B5B5-91F4C78BCFD4}"
EndProject
Project("{FAE04EC0-301F-11D3-BF4B-00C04F79EFBC}") = "Task_02", "Task_02\Task_02.csproj", "{19A09678-BA6D-4739-80F3-225FDD5064BE}"
EndProject
Project("{FAE04EC0-301F-11D3-BF4B-00C04F79EFBC}") = "Task_03", "Task_03\Task_03.csproj", "{FC4328B2-51EF-4108-B763-7EDF7BAD74DE}"
EndProject
Global
	GlobalSection(SolutionConfigurationPlatforms) = preSolution
		Debug|Any CPU = Debug|Any CPU
		Release|Any CPU = Release|Any CPU
	EndGlobalSection
	GlobalSection(ProjectConfigurationPlatforms) = postSolution
		{99636E92-E65B-44EF-B5B5-91F4C78BCFD4}.Debug|Any CPU.ActiveCfg = Debug|Any CPU
		{99636E92-E65B-44EF-B5B5-91F4C78BCFD4}.Debug|Any CPU.Build.0 = Debug|Any CPU
		{99636E92-E65B-44EF-B5B5-91F4C78BCFD4}.Release|Any CPU.ActiveCfg = Release|Any CPU
		{99636E92-E65B-44EF-B5B5-91F4C78BCFD4}.Release|Any CPU.Build.0 = Release|Any CPU
		{19A09678-BA6D-4739-80F3-225FDD5064BE}.Debug|Any CPU.ActiveCfg = Debug|Any CPU
		{19A09678-BA6D-4739-80F3-225FDD5064BE}.Debug|Any CPU.Build.0 = Debug|Any CPU
		{19A09678-BA6D-4739-80F3-225FDD5064BE}.Release|Any CPU.ActiveCfg = Release|Any CPU
		{19A09678-BA6D-4739-80F3-225FDD5064BE}.Release|Any CPU.Build.0 = Release|Any CPU
		{FC4328B2-51EF-4108-B763-7EDF7BAD74DE}.Debug|Any CPU.ActiveCfg = Debug|Any CPU
		{FC4328B2-51EF-4108-B763-7EDF7BAD74DE}.Debug|Any CPU.Build.0 = Debug|Any CPU
		{FC4328B2-51EF-4108-B763-7EDF7BAD74DE}.Release|Any CPU.ActiveCfg = Release|Any CPU
		{FC4328B2-51EF-4108-B763-7EDF7BAD74DE}.Release|Any CPU.Build.0 = Release|Any CPU
	EndGlobalSection
	GlobalSection(SolutionProperties) = preSolution
		HideSolutionNode = FALSE
	EndGlobalSection
EndGlobal
