
Microsoft Visual Studio Solution File, Format Version 12.00
# Visual Studio 15
VisualStudioVersion = 15.0.26430.12
MinimumVisualStudioVersion = 10.0.40219.1
Project("{2150E333-8FDC-42A3-9474-1A3956D46DE8}") = "Web", "Web", "{14C9FDD3-CBC9-427F-9C0D-9B767E94B1CF}"
EndProject
Project("{2150E333-8FDC-42A3-9474-1A3956D46DE8}") = "Data", "Data", "{85E33BBF-EDDD-4D83-A945-2CD077AB49FB}"
EndProject
Project("{2150E333-8FDC-42A3-9474-1A3956D46DE8}") = "Services", "Services", "{F4F32BEA-9C4D-45B4-AB38-09BDDBD2E76E}"
EndProject
Project("{FAE04EC0-301F-11D3-BF4B-00C04F79EFBC}") = "MvcTemplate.Data.Models", "MvcTemplate.Data.Models\MvcTemplate.Data.Models.csproj", "{E695BEF6-833B-4A11-AB25-7ADFB502A8F5}"
EndProject
Project("{FAE04EC0-301F-11D3-BF4B-00C04F79EFBC}") = "MvcTemplate.Data.Common", "MvcTemplate.Data.Common\MvcTemplate.Data.Common.csproj", "{B0C540CE-D06F-4E63-A14F-C6EBD3E3E65D}"
EndProject
Project("{FAE04EC0-301F-11D3-BF4B-00C04F79EFBC}") = "MvcTemplate.Data", "MvcTemplate.Data\MvcTemplate.Data.csproj", "{98F52704-A606-429C-B2B4-9D06D8E48FA3}"
EndProject
Project("{FAE04EC0-301F-11D3-BF4B-00C04F79EFBC}") = "MvcTemplate.Web.Infrastructure", "MvcTemplate.Web.Infrastructure\MvcTemplate.Web.Infrastructure.csproj", "{703D66BD-7BBB-47C5-BA2F-90B43593E5A3}"
EndProject
Project("{FAE04EC0-301F-11D3-BF4B-00C04F79EFBC}") = "MvcTemplate.Web", "MvcTemplate.Web\MvcTemplate.Web.csproj", "{8BDB3D72-C054-470B-8945-AD90CB41D81C}"
EndProject
Project("{FAE04EC0-301F-11D3-BF4B-00C04F79EFBC}") = "MvcTemplate.Services.Data", "MvcTemplate.Services.Data\MvcTemplate.Services.Data.csproj", "{01B67637-ECBC-43FE-B813-C084B0267846}"
EndProject
Project("{2150E333-8FDC-42A3-9474-1A3956D46DE8}") = "Tools", "Tools", "{FD7599E9-9DAE-4513-827F-22EF9C07B941}"
EndProject
Project("{FAE04EC0-301F-11D3-BF4B-00C04F79EFBC}") = "Crawler", "Crawler\Crawler.csproj", "{04297E0B-0031-43E5-8BC6-C7EE502F9090}"
EndProject
Global
	GlobalSection(SolutionConfigurationPlatforms) = preSolution
		Debug|Any CPU = Debug|Any CPU
		Release|Any CPU = Release|Any CPU
	EndGlobalSection
	GlobalSection(ProjectConfigurationPlatforms) = postSolution
		{E695BEF6-833B-4A11-AB25-7ADFB502A8F5}.Debug|Any CPU.ActiveCfg = Debug|Any CPU
		{E695BEF6-833B-4A11-AB25-7ADFB502A8F5}.Debug|Any CPU.Build.0 = Debug|Any CPU
		{E695BEF6-833B-4A11-AB25-7ADFB502A8F5}.Release|Any CPU.ActiveCfg = Release|Any CPU
		{E695BEF6-833B-4A11-AB25-7ADFB502A8F5}.Release|Any CPU.Build.0 = Release|Any CPU
		{B0C540CE-D06F-4E63-A14F-C6EBD3E3E65D}.Debug|Any CPU.ActiveCfg = Debug|Any CPU
		{B0C540CE-D06F-4E63-A14F-C6EBD3E3E65D}.Debug|Any CPU.Build.0 = Debug|Any CPU
		{B0C540CE-D06F-4E63-A14F-C6EBD3E3E65D}.Release|Any CPU.ActiveCfg = Release|Any CPU
		{B0C540CE-D06F-4E63-A14F-C6EBD3E3E65D}.Release|Any CPU.Build.0 = Release|Any CPU
		{98F52704-A606-429C-B2B4-9D06D8E48FA3}.Debug|Any CPU.ActiveCfg = Debug|Any CPU
		{98F52704-A606-429C-B2B4-9D06D8E48FA3}.Debug|Any CPU.Build.0 = Debug|Any CPU
		{98F52704-A606-429C-B2B4-9D06D8E48FA3}.Release|Any CPU.ActiveCfg = Release|Any CPU
		{98F52704-A606-429C-B2B4-9D06D8E48FA3}.Release|Any CPU.Build.0 = Release|Any CPU
		{703D66BD-7BBB-47C5-BA2F-90B43593E5A3}.Debug|Any CPU.ActiveCfg = Debug|Any CPU
		{703D66BD-7BBB-47C5-BA2F-90B43593E5A3}.Debug|Any CPU.Build.0 = Debug|Any CPU
		{703D66BD-7BBB-47C5-BA2F-90B43593E5A3}.Release|Any CPU.ActiveCfg = Release|Any CPU
		{703D66BD-7BBB-47C5-BA2F-90B43593E5A3}.Release|Any CPU.Build.0 = Release|Any CPU
		{8BDB3D72-C054-470B-8945-AD90CB41D81C}.Debug|Any CPU.ActiveCfg = Debug|Any CPU
		{8BDB3D72-C054-470B-8945-AD90CB41D81C}.Debug|Any CPU.Build.0 = Debug|Any CPU
		{8BDB3D72-C054-470B-8945-AD90CB41D81C}.Release|Any CPU.ActiveCfg = Release|Any CPU
		{8BDB3D72-C054-470B-8945-AD90CB41D81C}.Release|Any CPU.Build.0 = Release|Any CPU
		{01B67637-ECBC-43FE-B813-C084B0267846}.Debug|Any CPU.ActiveCfg = Debug|Any CPU
		{01B67637-ECBC-43FE-B813-C084B0267846}.Debug|Any CPU.Build.0 = Debug|Any CPU
		{01B67637-ECBC-43FE-B813-C084B0267846}.Release|Any CPU.ActiveCfg = Release|Any CPU
		{01B67637-ECBC-43FE-B813-C084B0267846}.Release|Any CPU.Build.0 = Release|Any CPU
		{04297E0B-0031-43E5-8BC6-C7EE502F9090}.Debug|Any CPU.ActiveCfg = Debug|Any CPU
		{04297E0B-0031-43E5-8BC6-C7EE502F9090}.Debug|Any CPU.Build.0 = Debug|Any CPU
		{04297E0B-0031-43E5-8BC6-C7EE502F9090}.Release|Any CPU.ActiveCfg = Release|Any CPU
		{04297E0B-0031-43E5-8BC6-C7EE502F9090}.Release|Any CPU.Build.0 = Release|Any CPU
	EndGlobalSection
	GlobalSection(SolutionProperties) = preSolution
		HideSolutionNode = FALSE
	EndGlobalSection
	GlobalSection(NestedProjects) = preSolution
		{E695BEF6-833B-4A11-AB25-7ADFB502A8F5} = {85E33BBF-EDDD-4D83-A945-2CD077AB49FB}
		{B0C540CE-D06F-4E63-A14F-C6EBD3E3E65D} = {85E33BBF-EDDD-4D83-A945-2CD077AB49FB}
		{98F52704-A606-429C-B2B4-9D06D8E48FA3} = {85E33BBF-EDDD-4D83-A945-2CD077AB49FB}
		{703D66BD-7BBB-47C5-BA2F-90B43593E5A3} = {14C9FDD3-CBC9-427F-9C0D-9B767E94B1CF}
		{8BDB3D72-C054-470B-8945-AD90CB41D81C} = {14C9FDD3-CBC9-427F-9C0D-9B767E94B1CF}
		{01B67637-ECBC-43FE-B813-C084B0267846} = {F4F32BEA-9C4D-45B4-AB38-09BDDBD2E76E}
		{04297E0B-0031-43E5-8BC6-C7EE502F9090} = {FD7599E9-9DAE-4513-827F-22EF9C07B941}
	EndGlobalSection
EndGlobal
