
Microsoft Visual Studio Solution File, Format Version 12.00
# Visual Studio 14
VisualStudioVersion = 14.0.25123.0
MinimumVisualStudioVersion = 10.0.40219.1
Project("{FAE04EC0-301F-11D3-BF4B-00C04F79EFBC}") = "01_PlayerRanking", "01_PlayerRanking\01_PlayerRanking.csproj", "{78C54E1A-ED66-4525-8BB2-C5E7734F1C16}"
EndProject
Project("{FAE04EC0-301F-11D3-BF4B-00C04F79EFBC}") = "02_GoldFever", "02_GoldFever\02_GoldFever.csproj", "{C48BAB05-6069-4E8A-9303-48797C640499}"
EndProject
Project("{FAE04EC0-301F-11D3-BF4B-00C04F79EFBC}") = "03_TheRingsOfTheAcademy", "03_TheRingsOfTheAcademy\03_TheRingsOfTheAcademy.csproj", "{20D20CCF-0924-46D2-B462-B02834015BD3}"
EndProject
Project("{FAE04EC0-301F-11D3-BF4B-00C04F79EFBC}") = "04_Documentation", "04_Documentation\04_Documentation.csproj", "{98F2F277-C7C8-4981-A680-62208DEAE4E0}"
EndProject
Global
	GlobalSection(SolutionConfigurationPlatforms) = preSolution
		Debug|Any CPU = Debug|Any CPU
		Release|Any CPU = Release|Any CPU
	EndGlobalSection
	GlobalSection(ProjectConfigurationPlatforms) = postSolution
		{78C54E1A-ED66-4525-8BB2-C5E7734F1C16}.Debug|Any CPU.ActiveCfg = Debug|Any CPU
		{78C54E1A-ED66-4525-8BB2-C5E7734F1C16}.Debug|Any CPU.Build.0 = Debug|Any CPU
		{78C54E1A-ED66-4525-8BB2-C5E7734F1C16}.Release|Any CPU.ActiveCfg = Release|Any CPU
		{78C54E1A-ED66-4525-8BB2-C5E7734F1C16}.Release|Any CPU.Build.0 = Release|Any CPU
		{C48BAB05-6069-4E8A-9303-48797C640499}.Debug|Any CPU.ActiveCfg = Debug|Any CPU
		{C48BAB05-6069-4E8A-9303-48797C640499}.Debug|Any CPU.Build.0 = Debug|Any CPU
		{C48BAB05-6069-4E8A-9303-48797C640499}.Release|Any CPU.ActiveCfg = Release|Any CPU
		{C48BAB05-6069-4E8A-9303-48797C640499}.Release|Any CPU.Build.0 = Release|Any CPU
		{20D20CCF-0924-46D2-B462-B02834015BD3}.Debug|Any CPU.ActiveCfg = Debug|Any CPU
		{20D20CCF-0924-46D2-B462-B02834015BD3}.Debug|Any CPU.Build.0 = Debug|Any CPU
		{20D20CCF-0924-46D2-B462-B02834015BD3}.Release|Any CPU.ActiveCfg = Release|Any CPU
		{20D20CCF-0924-46D2-B462-B02834015BD3}.Release|Any CPU.Build.0 = Release|Any CPU
		{98F2F277-C7C8-4981-A680-62208DEAE4E0}.Debug|Any CPU.ActiveCfg = Debug|Any CPU
		{98F2F277-C7C8-4981-A680-62208DEAE4E0}.Debug|Any CPU.Build.0 = Debug|Any CPU
		{98F2F277-C7C8-4981-A680-62208DEAE4E0}.Release|Any CPU.ActiveCfg = Release|Any CPU
		{98F2F277-C7C8-4981-A680-62208DEAE4E0}.Release|Any CPU.Build.0 = Release|Any CPU
	EndGlobalSection
	GlobalSection(SolutionProperties) = preSolution
		HideSolutionNode = FALSE
	EndGlobalSection
EndGlobal
