
Microsoft Visual Studio Solution File, Format Version 12.00
# Visual Studio 2013
VisualStudioVersion = 12.0.21005.1
MinimumVisualStudioVersion = 10.0.40219.1
Project("{FAE04EC0-301F-11D3-BF4B-00C04F79EFBC}") = "1_TRES4Numbers", "1_TRES4Numbers\1_TRES4Numbers.csproj", "{A61ACB5C-D7C0-4964-849E-51C1E958D0C4}"
EndProject
Project("{FAE04EC0-301F-11D3-BF4B-00C04F79EFBC}") = "2_BunnyFactory", "2_BunnyFactory\2_BunnyFactory.csproj", "{FF7E9CC0-F30B-4B65-BFC7-3D8D32441EE3}"
EndProject
Project("{FAE04EC0-301F-11D3-BF4B-00C04F79EFBC}") = "3_Patterns", "3_Patterns\3_Patterns.csproj", "{83EE2DF0-1B15-4B32-B4FD-486B64B92007}"
EndProject
Global
	GlobalSection(SolutionConfigurationPlatforms) = preSolution
		Debug|Any CPU = Debug|Any CPU
		Release|Any CPU = Release|Any CPU
	EndGlobalSection
	GlobalSection(ProjectConfigurationPlatforms) = postSolution
		{A61ACB5C-D7C0-4964-849E-51C1E958D0C4}.Debug|Any CPU.ActiveCfg = Debug|Any CPU
		{A61ACB5C-D7C0-4964-849E-51C1E958D0C4}.Debug|Any CPU.Build.0 = Debug|Any CPU
		{A61ACB5C-D7C0-4964-849E-51C1E958D0C4}.Release|Any CPU.ActiveCfg = Release|Any CPU
		{A61ACB5C-D7C0-4964-849E-51C1E958D0C4}.Release|Any CPU.Build.0 = Release|Any CPU
		{FF7E9CC0-F30B-4B65-BFC7-3D8D32441EE3}.Debug|Any CPU.ActiveCfg = Debug|Any CPU
		{FF7E9CC0-F30B-4B65-BFC7-3D8D32441EE3}.Debug|Any CPU.Build.0 = Debug|Any CPU
		{FF7E9CC0-F30B-4B65-BFC7-3D8D32441EE3}.Release|Any CPU.ActiveCfg = Release|Any CPU
		{FF7E9CC0-F30B-4B65-BFC7-3D8D32441EE3}.Release|Any CPU.Build.0 = Release|Any CPU
		{83EE2DF0-1B15-4B32-B4FD-486B64B92007}.Debug|Any CPU.ActiveCfg = Debug|Any CPU
		{83EE2DF0-1B15-4B32-B4FD-486B64B92007}.Debug|Any CPU.Build.0 = Debug|Any CPU
		{83EE2DF0-1B15-4B32-B4FD-486B64B92007}.Release|Any CPU.ActiveCfg = Release|Any CPU
		{83EE2DF0-1B15-4B32-B4FD-486B64B92007}.Release|Any CPU.Build.0 = Release|Any CPU
	EndGlobalSection
	GlobalSection(SolutionProperties) = preSolution
		HideSolutionNode = FALSE
	EndGlobalSection
EndGlobal
