
Microsoft Visual Studio Solution File, Format Version 12.00
# Visual Studio 2013
VisualStudioVersion = 12.0.21005.1
MinimumVisualStudioVersion = 10.0.40219.1
Project("{FAE04EC0-301F-11D3-BF4B-00C04F79EFBC}") = "01_Messages", "01_Messages\01_Messages.csproj", "{7CE650F8-67D8-46BB-AFD0-7EB8341BA1AD}"
EndProject
Project("{FAE04EC0-301F-11D3-BF4B-00C04F79EFBC}") = "02_DancingMoves", "02_DancingMoves\02_DancingMoves.csproj", "{6BC8D83B-D9ED-448B-807A-F1C99E26DED1}"
EndProject
Project("{FAE04EC0-301F-11D3-BF4B-00C04F79EFBC}") = "05_PenguinAirlines", "05_PenguinAirlines\05_PenguinAirlines.csproj", "{05CFEC94-C038-4195-9898-EFCE64AB1F8A}"
EndProject
Project("{FAE04EC0-301F-11D3-BF4B-00C04F79EFBC}") = "03_3. HarryPotter4D", "03_3. HarryPotter4D\03_3. HarryPotter4D.csproj", "{3A77D313-A5A7-4641-9604-85603AE03717}"
EndProject
Project("{FAE04EC0-301F-11D3-BF4B-00C04F79EFBC}") = "04_SoupScript", "4_SoupScript\04_SoupScript.csproj", "{8DF984AA-D3A8-48BE-996E-4A89F338EFEF}"
EndProject
Global
	GlobalSection(SolutionConfigurationPlatforms) = preSolution
		Debug|Any CPU = Debug|Any CPU
		Release|Any CPU = Release|Any CPU
	EndGlobalSection
	GlobalSection(ProjectConfigurationPlatforms) = postSolution
		{7CE650F8-67D8-46BB-AFD0-7EB8341BA1AD}.Debug|Any CPU.ActiveCfg = Debug|Any CPU
		{7CE650F8-67D8-46BB-AFD0-7EB8341BA1AD}.Debug|Any CPU.Build.0 = Debug|Any CPU
		{7CE650F8-67D8-46BB-AFD0-7EB8341BA1AD}.Release|Any CPU.ActiveCfg = Release|Any CPU
		{7CE650F8-67D8-46BB-AFD0-7EB8341BA1AD}.Release|Any CPU.Build.0 = Release|Any CPU
		{6BC8D83B-D9ED-448B-807A-F1C99E26DED1}.Debug|Any CPU.ActiveCfg = Debug|Any CPU
		{6BC8D83B-D9ED-448B-807A-F1C99E26DED1}.Debug|Any CPU.Build.0 = Debug|Any CPU
		{6BC8D83B-D9ED-448B-807A-F1C99E26DED1}.Release|Any CPU.ActiveCfg = Release|Any CPU
		{6BC8D83B-D9ED-448B-807A-F1C99E26DED1}.Release|Any CPU.Build.0 = Release|Any CPU
		{05CFEC94-C038-4195-9898-EFCE64AB1F8A}.Debug|Any CPU.ActiveCfg = Debug|Any CPU
		{05CFEC94-C038-4195-9898-EFCE64AB1F8A}.Debug|Any CPU.Build.0 = Debug|Any CPU
		{05CFEC94-C038-4195-9898-EFCE64AB1F8A}.Release|Any CPU.ActiveCfg = Release|Any CPU
		{05CFEC94-C038-4195-9898-EFCE64AB1F8A}.Release|Any CPU.Build.0 = Release|Any CPU
		{3A77D313-A5A7-4641-9604-85603AE03717}.Debug|Any CPU.ActiveCfg = Debug|Any CPU
		{3A77D313-A5A7-4641-9604-85603AE03717}.Debug|Any CPU.Build.0 = Debug|Any CPU
		{3A77D313-A5A7-4641-9604-85603AE03717}.Release|Any CPU.ActiveCfg = Release|Any CPU
		{3A77D313-A5A7-4641-9604-85603AE03717}.Release|Any CPU.Build.0 = Release|Any CPU
		{8DF984AA-D3A8-48BE-996E-4A89F338EFEF}.Debug|Any CPU.ActiveCfg = Debug|Any CPU
		{8DF984AA-D3A8-48BE-996E-4A89F338EFEF}.Debug|Any CPU.Build.0 = Debug|Any CPU
		{8DF984AA-D3A8-48BE-996E-4A89F338EFEF}.Release|Any CPU.ActiveCfg = Release|Any CPU
		{8DF984AA-D3A8-48BE-996E-4A89F338EFEF}.Release|Any CPU.Build.0 = Release|Any CPU
	EndGlobalSection
	GlobalSection(SolutionProperties) = preSolution
		HideSolutionNode = FALSE
	EndGlobalSection
EndGlobal
