
Microsoft Visual Studio Solution File, Format Version 12.00
# Visual Studio 14
VisualStudioVersion = 14.0.25123.0
MinimumVisualStudioVersion = 10.0.40219.1
Project("{FAE04EC0-301F-11D3-BF4B-00C04F79EFBC}") = "01_ImplementPriorityQueue", "01_ImplementPriorityQueue\01_ImplementPriorityQueue.csproj", "{E3A88583-DCD9-4B88-8A56-9305D2101C25}"
EndProject
Project("{FAE04EC0-301F-11D3-BF4B-00C04F79EFBC}") = "02_LargeCollectionAndEfficientlySearch", "LargeCollectionAndEfficientlySearch\02_LargeCollectionAndEfficientlySearch.csproj", "{9A352516-8EC4-41D1-AE24-A244907BA8F4}"
EndProject
Project("{FAE04EC0-301F-11D3-BF4B-00C04F79EFBC}") = "03_SetOfWords", "SetOfWords\03_SetOfWords.csproj", "{D39DB975-377F-4A2C-B707-3C9392673B83}"
EndProject
Global
	GlobalSection(SolutionConfigurationPlatforms) = preSolution
		Debug|Any CPU = Debug|Any CPU
		Release|Any CPU = Release|Any CPU
	EndGlobalSection
	GlobalSection(ProjectConfigurationPlatforms) = postSolution
		{E3A88583-DCD9-4B88-8A56-9305D2101C25}.Debug|Any CPU.ActiveCfg = Debug|Any CPU
		{E3A88583-DCD9-4B88-8A56-9305D2101C25}.Debug|Any CPU.Build.0 = Debug|Any CPU
		{E3A88583-DCD9-4B88-8A56-9305D2101C25}.Release|Any CPU.ActiveCfg = Release|Any CPU
		{E3A88583-DCD9-4B88-8A56-9305D2101C25}.Release|Any CPU.Build.0 = Release|Any CPU
		{9A352516-8EC4-41D1-AE24-A244907BA8F4}.Debug|Any CPU.ActiveCfg = Debug|Any CPU
		{9A352516-8EC4-41D1-AE24-A244907BA8F4}.Debug|Any CPU.Build.0 = Debug|Any CPU
		{9A352516-8EC4-41D1-AE24-A244907BA8F4}.Release|Any CPU.ActiveCfg = Release|Any CPU
		{9A352516-8EC4-41D1-AE24-A244907BA8F4}.Release|Any CPU.Build.0 = Release|Any CPU
		{D39DB975-377F-4A2C-B707-3C9392673B83}.Debug|Any CPU.ActiveCfg = Debug|Any CPU
		{D39DB975-377F-4A2C-B707-3C9392673B83}.Debug|Any CPU.Build.0 = Debug|Any CPU
		{D39DB975-377F-4A2C-B707-3C9392673B83}.Release|Any CPU.ActiveCfg = Release|Any CPU
		{D39DB975-377F-4A2C-B707-3C9392673B83}.Release|Any CPU.Build.0 = Release|Any CPU
	EndGlobalSection
	GlobalSection(SolutionProperties) = preSolution
		HideSolutionNode = FALSE
	EndGlobalSection
EndGlobal
