
Microsoft Visual Studio Solution File, Format Version 12.00
# Visual Studio 15
VisualStudioVersion = 15.0.26430.12
MinimumVisualStudioVersion = 10.0.40219.1
Project("{FAE04EC0-301F-11D3-BF4B-00C04F79EFBC}") = "WithoutMvpPatternAndNinject", "WithoutMvpPatternAndNinject\WithoutMvpPatternAndNinject.csproj", "{AFCB604C-DD59-4E4E-A723-6D84E276B517}"
EndProject
Project("{FAE04EC0-301F-11D3-BF4B-00C04F79EFBC}") = "WithMvpPatternAndNinject", "WithMvpPatternAndNinject\WithMvpPatternAndNinject.csproj", "{CBC67521-10F0-461A-A4AC-8BC4AD079B17}"
EndProject
Global
	GlobalSection(SolutionConfigurationPlatforms) = preSolution
		Debug|Any CPU = Debug|Any CPU
		Release|Any CPU = Release|Any CPU
	EndGlobalSection
	GlobalSection(ProjectConfigurationPlatforms) = postSolution
		{AFCB604C-DD59-4E4E-A723-6D84E276B517}.Debug|Any CPU.ActiveCfg = Debug|Any CPU
		{AFCB604C-DD59-4E4E-A723-6D84E276B517}.Debug|Any CPU.Build.0 = Debug|Any CPU
		{AFCB604C-DD59-4E4E-A723-6D84E276B517}.Release|Any CPU.ActiveCfg = Release|Any CPU
		{AFCB604C-DD59-4E4E-A723-6D84E276B517}.Release|Any CPU.Build.0 = Release|Any CPU
		{CBC67521-10F0-461A-A4AC-8BC4AD079B17}.Debug|Any CPU.ActiveCfg = Debug|Any CPU
		{CBC67521-10F0-461A-A4AC-8BC4AD079B17}.Debug|Any CPU.Build.0 = Debug|Any CPU
		{CBC67521-10F0-461A-A4AC-8BC4AD079B17}.Release|Any CPU.ActiveCfg = Release|Any CPU
		{CBC67521-10F0-461A-A4AC-8BC4AD079B17}.Release|Any CPU.Build.0 = Release|Any CPU
	EndGlobalSection
	GlobalSection(SolutionProperties) = preSolution
		HideSolutionNode = FALSE
	EndGlobalSection
EndGlobal
