
Microsoft Visual Studio Solution File, Format Version 12.00
# Visual Studio 2013
VisualStudioVersion = 12.0.21005.1
MinimumVisualStudioVersion = 10.0.40219.1
Project("{FAE04EC0-301F-11D3-BF4B-00C04F79EFBC}") = "Problem 1. Odd or Even Integers", "Problem 1. Odd or Even Integers\Problem 1. Odd or Even Integers.csproj", "{7A492820-DDFF-4824-856E-0F8E7EB0F708}"
EndProject
Project("{FAE04EC0-301F-11D3-BF4B-00C04F79EFBC}") = "Problem 2 Gravitation on the Moon", "Problem 2 Gravitation on the Moon\Problem 2 Gravitation on the Moon.csproj", "{B24162A8-17E3-488D-B4C2-EE7EA87ACA09}"
EndProject
Project("{FAE04EC0-301F-11D3-BF4B-00C04F79EFBC}") = "Problem 3 Divide by 7 and 5", "Problem 3 Divide by 7 and 5\Problem 3 Divide by 7 and 5.csproj", "{E45ED456-0AB2-407D-A683-6AEC942B3E2D}"
EndProject
Project("{FAE04EC0-301F-11D3-BF4B-00C04F79EFBC}") = "Problem 4 Rectangles", "Problem 4 Rectangles\Problem 4 Rectangles.csproj", "{2F1B56E0-53C0-4888-BD18-90F1F8E1A66A}"
EndProject
Project("{FAE04EC0-301F-11D3-BF4B-00C04F79EFBC}") = "Problem 5 Third Digit is 7", "Problem 5 Third Digit is 7\Problem 5 Third Digit is 7.csproj", "{CFFB14BB-3596-4DE6-B6F1-772739DEA079}"
EndProject
Project("{FAE04EC0-301F-11D3-BF4B-00C04F79EFBC}") = "Problem 6 Four-Digit Number", "Problem 6 Four-Digit Number\Problem 6 Four-Digit Number.csproj", "{931DD092-CA60-4A72-ADA8-DE5E0C8FFF56}"
EndProject
Project("{FAE04EC0-301F-11D3-BF4B-00C04F79EFBC}") = "Problem 7 Point in a Circle", "Problem 7 Point in a Circle\Problem 7 Point in a Circle.csproj", "{E669EBB2-5742-40C1-B6CA-1B774238911B}"
EndProject
Global
	GlobalSection(SolutionConfigurationPlatforms) = preSolution
		Debug|Any CPU = Debug|Any CPU
		Release|Any CPU = Release|Any CPU
	EndGlobalSection
	GlobalSection(ProjectConfigurationPlatforms) = postSolution
		{7A492820-DDFF-4824-856E-0F8E7EB0F708}.Debug|Any CPU.ActiveCfg = Debug|Any CPU
		{7A492820-DDFF-4824-856E-0F8E7EB0F708}.Debug|Any CPU.Build.0 = Debug|Any CPU
		{7A492820-DDFF-4824-856E-0F8E7EB0F708}.Release|Any CPU.ActiveCfg = Release|Any CPU
		{7A492820-DDFF-4824-856E-0F8E7EB0F708}.Release|Any CPU.Build.0 = Release|Any CPU
		{B24162A8-17E3-488D-B4C2-EE7EA87ACA09}.Debug|Any CPU.ActiveCfg = Debug|Any CPU
		{B24162A8-17E3-488D-B4C2-EE7EA87ACA09}.Debug|Any CPU.Build.0 = Debug|Any CPU
		{B24162A8-17E3-488D-B4C2-EE7EA87ACA09}.Release|Any CPU.ActiveCfg = Release|Any CPU
		{B24162A8-17E3-488D-B4C2-EE7EA87ACA09}.Release|Any CPU.Build.0 = Release|Any CPU
		{E45ED456-0AB2-407D-A683-6AEC942B3E2D}.Debug|Any CPU.ActiveCfg = Debug|Any CPU
		{E45ED456-0AB2-407D-A683-6AEC942B3E2D}.Debug|Any CPU.Build.0 = Debug|Any CPU
		{E45ED456-0AB2-407D-A683-6AEC942B3E2D}.Release|Any CPU.ActiveCfg = Release|Any CPU
		{E45ED456-0AB2-407D-A683-6AEC942B3E2D}.Release|Any CPU.Build.0 = Release|Any CPU
		{2F1B56E0-53C0-4888-BD18-90F1F8E1A66A}.Debug|Any CPU.ActiveCfg = Debug|Any CPU
		{2F1B56E0-53C0-4888-BD18-90F1F8E1A66A}.Debug|Any CPU.Build.0 = Debug|Any CPU
		{2F1B56E0-53C0-4888-BD18-90F1F8E1A66A}.Release|Any CPU.ActiveCfg = Release|Any CPU
		{2F1B56E0-53C0-4888-BD18-90F1F8E1A66A}.Release|Any CPU.Build.0 = Release|Any CPU
		{CFFB14BB-3596-4DE6-B6F1-772739DEA079}.Debug|Any CPU.ActiveCfg = Debug|Any CPU
		{CFFB14BB-3596-4DE6-B6F1-772739DEA079}.Debug|Any CPU.Build.0 = Debug|Any CPU
		{CFFB14BB-3596-4DE6-B6F1-772739DEA079}.Release|Any CPU.ActiveCfg = Release|Any CPU
		{CFFB14BB-3596-4DE6-B6F1-772739DEA079}.Release|Any CPU.Build.0 = Release|Any CPU
		{931DD092-CA60-4A72-ADA8-DE5E0C8FFF56}.Debug|Any CPU.ActiveCfg = Debug|Any CPU
		{931DD092-CA60-4A72-ADA8-DE5E0C8FFF56}.Debug|Any CPU.Build.0 = Debug|Any CPU
		{931DD092-CA60-4A72-ADA8-DE5E0C8FFF56}.Release|Any CPU.ActiveCfg = Release|Any CPU
		{931DD092-CA60-4A72-ADA8-DE5E0C8FFF56}.Release|Any CPU.Build.0 = Release|Any CPU
		{E669EBB2-5742-40C1-B6CA-1B774238911B}.Debug|Any CPU.ActiveCfg = Debug|Any CPU
		{E669EBB2-5742-40C1-B6CA-1B774238911B}.Debug|Any CPU.Build.0 = Debug|Any CPU
		{E669EBB2-5742-40C1-B6CA-1B774238911B}.Release|Any CPU.ActiveCfg = Release|Any CPU
		{E669EBB2-5742-40C1-B6CA-1B774238911B}.Release|Any CPU.Build.0 = Release|Any CPU
	EndGlobalSection
	GlobalSection(SolutionProperties) = preSolution
		HideSolutionNode = FALSE
	EndGlobalSection
EndGlobal
