
Microsoft Visual Studio Solution File, Format Version 12.00
# Visual Studio 2013
VisualStudioVersion = 12.0.21005.1
MinimumVisualStudioVersion = 10.0.40219.1
Project("{FAE04EC0-301F-11D3-BF4B-00C04F79EFBC}") = "HomeworkPrimitiveDataTypesАndVariables", "HomeworkPrimitiveDataTypesАndVariables\HomeworkPrimitiveDataTypesАndVariables.csproj", "{96F585D7-2B00-46ED-9375-5DA376BED381}"
EndProject
Project("{FAE04EC0-301F-11D3-BF4B-00C04F79EFBC}") = "Problem2FloatOrDouble", "Problem2FloatOrDouble\Problem2FloatOrDouble.csproj", "{1FE0AEDF-AC8F-4E0A-8314-B04127E67B88}"
EndProject
Project("{FAE04EC0-301F-11D3-BF4B-00C04F79EFBC}") = "Problem3VariableInHexadecimalFormat", "Problem3VariableInHexadecimalFormat\Problem3VariableInHexadecimalFormat.csproj", "{F8BF3499-5E39-4B39-9711-D2A8B741854B}"
EndProject
Project("{FAE04EC0-301F-11D3-BF4B-00C04F79EFBC}") = "Problem4UnicodeCharacter", "Problem4UnicodeCharacter\Problem4UnicodeCharacter.csproj", "{260EB866-5AE3-42E4-A2FD-80DC2B300A9B}"
EndProject
Project("{FAE04EC0-301F-11D3-BF4B-00C04F79EFBC}") = "Problem5BooleanVariable", "Problem5BooleanVariable\Problem5BooleanVariable.csproj", "{52050BA8-0170-4158-90CF-DF7D1CE237D3}"
EndProject
Project("{FAE04EC0-301F-11D3-BF4B-00C04F79EFBC}") = "Problem6StringsAndObjects", "Problem6StringsAndObjects\Problem6StringsAndObjects.csproj", "{B24C9BC1-06ED-4A6E-A36A-640466AEACB4}"
EndProject
Project("{FAE04EC0-301F-11D3-BF4B-00C04F79EFBC}") = "Problem7QuotesInStrings", "Problem7QuotesInStrings\Problem7QuotesInStrings.csproj", "{8E1B394B-09F9-4376-9D0D-1BA5D32A5D46}"
EndProject
Project("{FAE04EC0-301F-11D3-BF4B-00C04F79EFBC}") = "Problem8IsoscelesTriangle", "Problem8IsoscelesTriangle\Problem8IsoscelesTriangle.csproj", "{007AFED6-FC13-468E-B0EE-B5B9F072B175}"
EndProject
Project("{FAE04EC0-301F-11D3-BF4B-00C04F79EFBC}") = "Problem9ExchangeVariableValues", "Problem9ExchangeVariableValues\Problem9ExchangeVariableValues.csproj", "{A53D6EA2-5797-4753-8C36-E0E53907E732}"
EndProject
Project("{FAE04EC0-301F-11D3-BF4B-00C04F79EFBC}") = "Problem10EmployeeData", "Problem10EmployeeData\Problem10EmployeeData.csproj", "{90EB9C43-EEC9-4BCC-99B5-708A6FF67BF7}"
EndProject
Project("{FAE04EC0-301F-11D3-BF4B-00C04F79EFBC}") = "Problem11BankAccountData", "Problem11BankAccountData\Problem11BankAccountData.csproj", "{3C4601DB-BEF3-44AD-B134-24856966FB98}"
EndProject
Project("{FAE04EC0-301F-11D3-BF4B-00C04F79EFBC}") = "Problem12NullValuesArithmetic", "Problem12NullValuesArithmetic\Problem12NullValuesArithmetic.csproj", "{31C5E89F-36CB-4195-ADC0-1791A046D9C5}"
EndProject
Project("{FAE04EC0-301F-11D3-BF4B-00C04F79EFBC}") = "Problem13ComparingFloats", "Problem13ComparingFloats\Problem13ComparingFloats.csproj", "{CE71926A-D7AC-4BD1-B63B-FC10851E6800}"
EndProject
Project("{FAE04EC0-301F-11D3-BF4B-00C04F79EFBC}") = "Problem14PrintTheASCIITable", "Problem14PrintTheASCIITable\Problem14PrintTheASCIITable.csproj", "{0278A086-FE05-4946-AEE0-039C526BF6D4}"
EndProject
Global
	GlobalSection(SolutionConfigurationPlatforms) = preSolution
		Debug|Any CPU = Debug|Any CPU
		Release|Any CPU = Release|Any CPU
	EndGlobalSection
	GlobalSection(ProjectConfigurationPlatforms) = postSolution
		{96F585D7-2B00-46ED-9375-5DA376BED381}.Debug|Any CPU.ActiveCfg = Debug|Any CPU
		{96F585D7-2B00-46ED-9375-5DA376BED381}.Debug|Any CPU.Build.0 = Debug|Any CPU
		{96F585D7-2B00-46ED-9375-5DA376BED381}.Release|Any CPU.ActiveCfg = Release|Any CPU
		{96F585D7-2B00-46ED-9375-5DA376BED381}.Release|Any CPU.Build.0 = Release|Any CPU
		{1FE0AEDF-AC8F-4E0A-8314-B04127E67B88}.Debug|Any CPU.ActiveCfg = Debug|Any CPU
		{1FE0AEDF-AC8F-4E0A-8314-B04127E67B88}.Debug|Any CPU.Build.0 = Debug|Any CPU
		{1FE0AEDF-AC8F-4E0A-8314-B04127E67B88}.Release|Any CPU.ActiveCfg = Release|Any CPU
		{1FE0AEDF-AC8F-4E0A-8314-B04127E67B88}.Release|Any CPU.Build.0 = Release|Any CPU
		{F8BF3499-5E39-4B39-9711-D2A8B741854B}.Debug|Any CPU.ActiveCfg = Debug|Any CPU
		{F8BF3499-5E39-4B39-9711-D2A8B741854B}.Debug|Any CPU.Build.0 = Debug|Any CPU
		{F8BF3499-5E39-4B39-9711-D2A8B741854B}.Release|Any CPU.ActiveCfg = Release|Any CPU
		{F8BF3499-5E39-4B39-9711-D2A8B741854B}.Release|Any CPU.Build.0 = Release|Any CPU
		{260EB866-5AE3-42E4-A2FD-80DC2B300A9B}.Debug|Any CPU.ActiveCfg = Debug|Any CPU
		{260EB866-5AE3-42E4-A2FD-80DC2B300A9B}.Debug|Any CPU.Build.0 = Debug|Any CPU
		{260EB866-5AE3-42E4-A2FD-80DC2B300A9B}.Release|Any CPU.ActiveCfg = Release|Any CPU
		{260EB866-5AE3-42E4-A2FD-80DC2B300A9B}.Release|Any CPU.Build.0 = Release|Any CPU
		{52050BA8-0170-4158-90CF-DF7D1CE237D3}.Debug|Any CPU.ActiveCfg = Debug|Any CPU
		{52050BA8-0170-4158-90CF-DF7D1CE237D3}.Debug|Any CPU.Build.0 = Debug|Any CPU
		{52050BA8-0170-4158-90CF-DF7D1CE237D3}.Release|Any CPU.ActiveCfg = Release|Any CPU
		{52050BA8-0170-4158-90CF-DF7D1CE237D3}.Release|Any CPU.Build.0 = Release|Any CPU
		{B24C9BC1-06ED-4A6E-A36A-640466AEACB4}.Debug|Any CPU.ActiveCfg = Debug|Any CPU
		{B24C9BC1-06ED-4A6E-A36A-640466AEACB4}.Debug|Any CPU.Build.0 = Debug|Any CPU
		{B24C9BC1-06ED-4A6E-A36A-640466AEACB4}.Release|Any CPU.ActiveCfg = Release|Any CPU
		{B24C9BC1-06ED-4A6E-A36A-640466AEACB4}.Release|Any CPU.Build.0 = Release|Any CPU
		{8E1B394B-09F9-4376-9D0D-1BA5D32A5D46}.Debug|Any CPU.ActiveCfg = Debug|Any CPU
		{8E1B394B-09F9-4376-9D0D-1BA5D32A5D46}.Debug|Any CPU.Build.0 = Debug|Any CPU
		{8E1B394B-09F9-4376-9D0D-1BA5D32A5D46}.Release|Any CPU.ActiveCfg = Release|Any CPU
		{8E1B394B-09F9-4376-9D0D-1BA5D32A5D46}.Release|Any CPU.Build.0 = Release|Any CPU
		{007AFED6-FC13-468E-B0EE-B5B9F072B175}.Debug|Any CPU.ActiveCfg = Debug|Any CPU
		{007AFED6-FC13-468E-B0EE-B5B9F072B175}.Debug|Any CPU.Build.0 = Debug|Any CPU
		{007AFED6-FC13-468E-B0EE-B5B9F072B175}.Release|Any CPU.ActiveCfg = Release|Any CPU
		{007AFED6-FC13-468E-B0EE-B5B9F072B175}.Release|Any CPU.Build.0 = Release|Any CPU
		{A53D6EA2-5797-4753-8C36-E0E53907E732}.Debug|Any CPU.ActiveCfg = Debug|Any CPU
		{A53D6EA2-5797-4753-8C36-E0E53907E732}.Debug|Any CPU.Build.0 = Debug|Any CPU
		{A53D6EA2-5797-4753-8C36-E0E53907E732}.Release|Any CPU.ActiveCfg = Release|Any CPU
		{A53D6EA2-5797-4753-8C36-E0E53907E732}.Release|Any CPU.Build.0 = Release|Any CPU
		{90EB9C43-EEC9-4BCC-99B5-708A6FF67BF7}.Debug|Any CPU.ActiveCfg = Debug|Any CPU
		{90EB9C43-EEC9-4BCC-99B5-708A6FF67BF7}.Debug|Any CPU.Build.0 = Debug|Any CPU
		{90EB9C43-EEC9-4BCC-99B5-708A6FF67BF7}.Release|Any CPU.ActiveCfg = Release|Any CPU
		{90EB9C43-EEC9-4BCC-99B5-708A6FF67BF7}.Release|Any CPU.Build.0 = Release|Any CPU
		{3C4601DB-BEF3-44AD-B134-24856966FB98}.Debug|Any CPU.ActiveCfg = Debug|Any CPU
		{3C4601DB-BEF3-44AD-B134-24856966FB98}.Debug|Any CPU.Build.0 = Debug|Any CPU
		{3C4601DB-BEF3-44AD-B134-24856966FB98}.Release|Any CPU.ActiveCfg = Release|Any CPU
		{3C4601DB-BEF3-44AD-B134-24856966FB98}.Release|Any CPU.Build.0 = Release|Any CPU
		{31C5E89F-36CB-4195-ADC0-1791A046D9C5}.Debug|Any CPU.ActiveCfg = Debug|Any CPU
		{31C5E89F-36CB-4195-ADC0-1791A046D9C5}.Debug|Any CPU.Build.0 = Debug|Any CPU
		{31C5E89F-36CB-4195-ADC0-1791A046D9C5}.Release|Any CPU.ActiveCfg = Release|Any CPU
		{31C5E89F-36CB-4195-ADC0-1791A046D9C5}.Release|Any CPU.Build.0 = Release|Any CPU
		{CE71926A-D7AC-4BD1-B63B-FC10851E6800}.Debug|Any CPU.ActiveCfg = Debug|Any CPU
		{CE71926A-D7AC-4BD1-B63B-FC10851E6800}.Debug|Any CPU.Build.0 = Debug|Any CPU
		{CE71926A-D7AC-4BD1-B63B-FC10851E6800}.Release|Any CPU.ActiveCfg = Release|Any CPU
		{CE71926A-D7AC-4BD1-B63B-FC10851E6800}.Release|Any CPU.Build.0 = Release|Any CPU
		{0278A086-FE05-4946-AEE0-039C526BF6D4}.Debug|Any CPU.ActiveCfg = Debug|Any CPU
		{0278A086-FE05-4946-AEE0-039C526BF6D4}.Debug|Any CPU.Build.0 = Debug|Any CPU
		{0278A086-FE05-4946-AEE0-039C526BF6D4}.Release|Any CPU.ActiveCfg = Release|Any CPU
		{0278A086-FE05-4946-AEE0-039C526BF6D4}.Release|Any CPU.Build.0 = Release|Any CPU
	EndGlobalSection
	GlobalSection(SolutionProperties) = preSolution
		HideSolutionNode = FALSE
	EndGlobalSection
EndGlobal
