
Microsoft Visual Studio Solution File, Format Version 12.00
# Visual Studio 2013
VisualStudioVersion = 12.0.21005.1
MinimumVisualStudioVersion = 10.0.40219.1
Project("{FAE04EC0-301F-11D3-BF4B-00C04F79EFBC}") = "BGCoder_CSharp1_2015", "BGCoder_CSharp1_2015\BGCoder_CSharp1_2015.csproj", "{3A5A0F15-38CE-4A74-85AA-22BF67FBB8C2}"
EndProject
Project("{FAE04EC0-301F-11D3-BF4B-00C04F79EFBC}") = "2. Text to Number_Description", "2. Text to Number_Description\2. Text to Number_Description.csproj", "{977E4C44-C4D3-4C6E-A499-8B395C078315}"
EndProject
Project("{FAE04EC0-301F-11D3-BF4B-00C04F79EFBC}") = "3_Saddy Kopper", "3_Saddy Kopper\3_Saddy Kopper.csproj", "{39F68D9C-65DB-4CDE-A2E3-10E500C947FF}"
EndProject
Global
	GlobalSection(SolutionConfigurationPlatforms) = preSolution
		Debug|Any CPU = Debug|Any CPU
		Release|Any CPU = Release|Any CPU
	EndGlobalSection
	GlobalSection(ProjectConfigurationPlatforms) = postSolution
		{3A5A0F15-38CE-4A74-85AA-22BF67FBB8C2}.Debug|Any CPU.ActiveCfg = Debug|Any CPU
		{3A5A0F15-38CE-4A74-85AA-22BF67FBB8C2}.Debug|Any CPU.Build.0 = Debug|Any CPU
		{3A5A0F15-38CE-4A74-85AA-22BF67FBB8C2}.Release|Any CPU.ActiveCfg = Release|Any CPU
		{3A5A0F15-38CE-4A74-85AA-22BF67FBB8C2}.Release|Any CPU.Build.0 = Release|Any CPU
		{977E4C44-C4D3-4C6E-A499-8B395C078315}.Debug|Any CPU.ActiveCfg = Debug|Any CPU
		{977E4C44-C4D3-4C6E-A499-8B395C078315}.Debug|Any CPU.Build.0 = Debug|Any CPU
		{977E4C44-C4D3-4C6E-A499-8B395C078315}.Release|Any CPU.ActiveCfg = Release|Any CPU
		{977E4C44-C4D3-4C6E-A499-8B395C078315}.Release|Any CPU.Build.0 = Release|Any CPU
		{39F68D9C-65DB-4CDE-A2E3-10E500C947FF}.Debug|Any CPU.ActiveCfg = Debug|Any CPU
		{39F68D9C-65DB-4CDE-A2E3-10E500C947FF}.Debug|Any CPU.Build.0 = Debug|Any CPU
		{39F68D9C-65DB-4CDE-A2E3-10E500C947FF}.Release|Any CPU.ActiveCfg = Release|Any CPU
		{39F68D9C-65DB-4CDE-A2E3-10E500C947FF}.Release|Any CPU.Build.0 = Release|Any CPU
	EndGlobalSection
	GlobalSection(SolutionProperties) = preSolution
		HideSolutionNode = FALSE
	EndGlobalSection
EndGlobal
