
Microsoft Visual Studio Solution File, Format Version 12.00
# Visual Studio 2013
VisualStudioVersion = 12.0.21005.1
MinimumVisualStudioVersion = 10.0.40219.1
Project("{FAE04EC0-301F-11D3-BF4B-00C04F79EFBC}") = "01_ExchangeIfGreater", "01_ExchangeIfGreater\01_ExchangeIfGreater.csproj", "{F4B226B0-047F-4ACF-955A-7A55FBE09903}"
EndProject
Project("{FAE04EC0-301F-11D3-BF4B-00C04F79EFBC}") = "02_BonusScore", "02_BonusScore\02_BonusScore.csproj", "{F76873AF-8F5D-4B91-AA0F-6746160131DA}"
EndProject
Project("{FAE04EC0-301F-11D3-BF4B-00C04F79EFBC}") = "03_PlayCard", "03_PlayCard\03_PlayCard.csproj", "{F183043F-6AD6-456A-9CA8-01B0B15D02B6}"
EndProject
Project("{FAE04EC0-301F-11D3-BF4B-00C04F79EFBC}") = "04_MultiplicationSign", "04_MultiplicationSign\04_MultiplicationSign.csproj", "{8087132E-52F0-4261-AAC8-38006820DE6F}"
EndProject
Project("{FAE04EC0-301F-11D3-BF4B-00C04F79EFBC}") = "05_BiggestOf3", "05_BiggestOf3\05_BiggestOf3.csproj", "{9DEB2ADF-E2F2-41B9-8489-CD86B298BADC}"
EndProject
Project("{FAE04EC0-301F-11D3-BF4B-00C04F79EFBC}") = "06_BiggestOf5", "06_BiggestOf5\06_BiggestOf5.csproj", "{FD150B8D-155C-4A78-BBAE-ABC2A64DC42A}"
EndProject
Project("{FAE04EC0-301F-11D3-BF4B-00C04F79EFBC}") = "07_Sort3Numbers", "07_Sort3Numbers\07_Sort3Numbers.csproj", "{F9D01780-C2DA-495C-BBBD-4C675EAA14B3}"
EndProject
Project("{FAE04EC0-301F-11D3-BF4B-00C04F79EFBC}") = "08_DigitAsWord", "08_DigitAsWord\08_DigitAsWord.csproj", "{1223B788-EECC-40B3-A06D-927B69AD64BA}"
EndProject
Project("{FAE04EC0-301F-11D3-BF4B-00C04F79EFBC}") = "09_IntDoubleAndString", "09_IntDoubleAndString\09_IntDoubleAndString.csproj", "{04820D97-C4BF-4B82-B013-5699D6096AA2}"
EndProject
Global
	GlobalSection(SolutionConfigurationPlatforms) = preSolution
		Debug|Any CPU = Debug|Any CPU
		Release|Any CPU = Release|Any CPU
	EndGlobalSection
	GlobalSection(ProjectConfigurationPlatforms) = postSolution
		{F4B226B0-047F-4ACF-955A-7A55FBE09903}.Debug|Any CPU.ActiveCfg = Debug|Any CPU
		{F4B226B0-047F-4ACF-955A-7A55FBE09903}.Debug|Any CPU.Build.0 = Debug|Any CPU
		{F4B226B0-047F-4ACF-955A-7A55FBE09903}.Release|Any CPU.ActiveCfg = Release|Any CPU
		{F4B226B0-047F-4ACF-955A-7A55FBE09903}.Release|Any CPU.Build.0 = Release|Any CPU
		{F76873AF-8F5D-4B91-AA0F-6746160131DA}.Debug|Any CPU.ActiveCfg = Debug|Any CPU
		{F76873AF-8F5D-4B91-AA0F-6746160131DA}.Debug|Any CPU.Build.0 = Debug|Any CPU
		{F76873AF-8F5D-4B91-AA0F-6746160131DA}.Release|Any CPU.ActiveCfg = Release|Any CPU
		{F76873AF-8F5D-4B91-AA0F-6746160131DA}.Release|Any CPU.Build.0 = Release|Any CPU
		{F183043F-6AD6-456A-9CA8-01B0B15D02B6}.Debug|Any CPU.ActiveCfg = Debug|Any CPU
		{F183043F-6AD6-456A-9CA8-01B0B15D02B6}.Debug|Any CPU.Build.0 = Debug|Any CPU
		{F183043F-6AD6-456A-9CA8-01B0B15D02B6}.Release|Any CPU.ActiveCfg = Release|Any CPU
		{F183043F-6AD6-456A-9CA8-01B0B15D02B6}.Release|Any CPU.Build.0 = Release|Any CPU
		{8087132E-52F0-4261-AAC8-38006820DE6F}.Debug|Any CPU.ActiveCfg = Debug|Any CPU
		{8087132E-52F0-4261-AAC8-38006820DE6F}.Debug|Any CPU.Build.0 = Debug|Any CPU
		{8087132E-52F0-4261-AAC8-38006820DE6F}.Release|Any CPU.ActiveCfg = Release|Any CPU
		{8087132E-52F0-4261-AAC8-38006820DE6F}.Release|Any CPU.Build.0 = Release|Any CPU
		{9DEB2ADF-E2F2-41B9-8489-CD86B298BADC}.Debug|Any CPU.ActiveCfg = Debug|Any CPU
		{9DEB2ADF-E2F2-41B9-8489-CD86B298BADC}.Debug|Any CPU.Build.0 = Debug|Any CPU
		{9DEB2ADF-E2F2-41B9-8489-CD86B298BADC}.Release|Any CPU.ActiveCfg = Release|Any CPU
		{9DEB2ADF-E2F2-41B9-8489-CD86B298BADC}.Release|Any CPU.Build.0 = Release|Any CPU
		{FD150B8D-155C-4A78-BBAE-ABC2A64DC42A}.Debug|Any CPU.ActiveCfg = Debug|Any CPU
		{FD150B8D-155C-4A78-BBAE-ABC2A64DC42A}.Debug|Any CPU.Build.0 = Debug|Any CPU
		{FD150B8D-155C-4A78-BBAE-ABC2A64DC42A}.Release|Any CPU.ActiveCfg = Release|Any CPU
		{FD150B8D-155C-4A78-BBAE-ABC2A64DC42A}.Release|Any CPU.Build.0 = Release|Any CPU
		{F9D01780-C2DA-495C-BBBD-4C675EAA14B3}.Debug|Any CPU.ActiveCfg = Debug|Any CPU
		{F9D01780-C2DA-495C-BBBD-4C675EAA14B3}.Debug|Any CPU.Build.0 = Debug|Any CPU
		{F9D01780-C2DA-495C-BBBD-4C675EAA14B3}.Release|Any CPU.ActiveCfg = Release|Any CPU
		{F9D01780-C2DA-495C-BBBD-4C675EAA14B3}.Release|Any CPU.Build.0 = Release|Any CPU
		{1223B788-EECC-40B3-A06D-927B69AD64BA}.Debug|Any CPU.ActiveCfg = Debug|Any CPU
		{1223B788-EECC-40B3-A06D-927B69AD64BA}.Debug|Any CPU.Build.0 = Debug|Any CPU
		{1223B788-EECC-40B3-A06D-927B69AD64BA}.Release|Any CPU.ActiveCfg = Release|Any CPU
		{1223B788-EECC-40B3-A06D-927B69AD64BA}.Release|Any CPU.Build.0 = Release|Any CPU
		{04820D97-C4BF-4B82-B013-5699D6096AA2}.Debug|Any CPU.ActiveCfg = Debug|Any CPU
		{04820D97-C4BF-4B82-B013-5699D6096AA2}.Debug|Any CPU.Build.0 = Debug|Any CPU
		{04820D97-C4BF-4B82-B013-5699D6096AA2}.Release|Any CPU.ActiveCfg = Release|Any CPU
		{04820D97-C4BF-4B82-B013-5699D6096AA2}.Release|Any CPU.Build.0 = Release|Any CPU
	EndGlobalSection
	GlobalSection(SolutionProperties) = preSolution
		HideSolutionNode = FALSE
	EndGlobalSection
EndGlobal
