
Microsoft Visual Studio Solution File, Format Version 12.00
# Visual Studio 2013
VisualStudioVersion = 12.0.21005.1
MinimumVisualStudioVersion = 10.0.40219.1
Project("{FAE04EC0-301F-11D3-BF4B-00C04F79EFBC}") = "01_AllocateArray", "01_AllocateArray\01_AllocateArray.csproj", "{3B5175E5-4F27-47E2-BB70-6C0AC77991DB}"
EndProject
Project("{FAE04EC0-301F-11D3-BF4B-00C04F79EFBC}") = "02_CompareArrays", "02_CompareArrays\02_CompareArrays.csproj", "{5FFA9863-F369-46B5-9564-5B76BB40E350}"
EndProject
Project("{FAE04EC0-301F-11D3-BF4B-00C04F79EFBC}") = "03_CompareCharArrays", "03_CompareCharArrays\03_CompareCharArrays.csproj", "{54634FF5-C967-4247-B46A-14C25B302B5A}"
EndProject
Project("{FAE04EC0-301F-11D3-BF4B-00C04F79EFBC}") = "04_MaximalSequence", "04_MaximalSequence\04_MaximalSequence.csproj", "{AEBB22A9-D052-4DCE-BC03-9570A0CFEBE5}"
EndProject
Project("{FAE04EC0-301F-11D3-BF4B-00C04F79EFBC}") = "05_MaximalIncreasingSequence", "05_MaximalIncreasingSequence\05_MaximalIncreasingSequence.csproj", "{1BF3EEC5-3415-4BB7-86A8-647A519899F4}"
EndProject
Project("{FAE04EC0-301F-11D3-BF4B-00C04F79EFBC}") = "06_MaximalKsum", "06_MaximalKsum\06_MaximalKsum.csproj", "{E7B9D687-1484-4A6C-8846-7D714514EDF2}"
EndProject
Project("{FAE04EC0-301F-11D3-BF4B-00C04F79EFBC}") = "07_SelectionSort", "07_SelectionSort\07_SelectionSort.csproj", "{6DE4686F-A96E-4066-BF56-9EDFFFAF5615}"
EndProject
Project("{FAE04EC0-301F-11D3-BF4B-00C04F79EFBC}") = "08_MaximalSum", "08_MaximalSum\08_MaximalSum.csproj", "{85229692-A2D5-436B-86BE-CC96662B8C13}"
EndProject
Project("{FAE04EC0-301F-11D3-BF4B-00C04F79EFBC}") = "09_FrequentNumber", "09_FrequentNumber\09_FrequentNumber.csproj", "{1E7F75E5-A392-427E-9DEC-2ED4A2021ED5}"
EndProject
Project("{FAE04EC0-301F-11D3-BF4B-00C04F79EFBC}") = "11_BinarySearch", "11_BinarySearch\11_BinarySearch.csproj", "{FFB2C45F-F8A4-455A-B604-4A01620B3D67}"
EndProject
Project("{FAE04EC0-301F-11D3-BF4B-00C04F79EFBC}") = "12_IndexOfLetters", "12_IndexOfLetters\12_IndexOfLetters.csproj", "{DF892B2A-158F-4768-B1C6-3B9722A303C7}"
EndProject
Project("{FAE04EC0-301F-11D3-BF4B-00C04F79EFBC}") = "13_MergeSort", "13_MergeSort\13_MergeSort.csproj", "{9BB6D253-7E04-441D-922D-10D7A4A80CF7}"
EndProject
Project("{FAE04EC0-301F-11D3-BF4B-00C04F79EFBC}") = "10_FindSumInArray", "10_FindSumInArray\10_FindSumInArray.csproj", "{733C63F4-DE2F-404E-B1AA-302306F0828E}"
EndProject
Project("{FAE04EC0-301F-11D3-BF4B-00C04F79EFBC}") = "14_QuickSort", "14_QuickSort\14_QuickSort.csproj", "{465F4126-5A01-4B54-965A-B2F8BDBC16D1}"
EndProject
Project("{FAE04EC0-301F-11D3-BF4B-00C04F79EFBC}") = "15_PrimeNumbers", "15_PrimeNumbers\15_PrimeNumbers.csproj", "{FD24583E-57FA-4F35-BCFD-C5C70D9AAD0E}"
EndProject
Project("{FAE04EC0-301F-11D3-BF4B-00C04F79EFBC}") = "18_RemoveElementsFromArray", "18_RemoveElementsFromArray\18_RemoveElementsFromArray.csproj", "{59015C94-614E-4C86-A5AF-FCFE591A4184}"
EndProject
Global
	GlobalSection(SolutionConfigurationPlatforms) = preSolution
		Debug|Any CPU = Debug|Any CPU
		Release|Any CPU = Release|Any CPU
	EndGlobalSection
	GlobalSection(ProjectConfigurationPlatforms) = postSolution
		{3B5175E5-4F27-47E2-BB70-6C0AC77991DB}.Debug|Any CPU.ActiveCfg = Debug|Any CPU
		{3B5175E5-4F27-47E2-BB70-6C0AC77991DB}.Debug|Any CPU.Build.0 = Debug|Any CPU
		{3B5175E5-4F27-47E2-BB70-6C0AC77991DB}.Release|Any CPU.ActiveCfg = Release|Any CPU
		{3B5175E5-4F27-47E2-BB70-6C0AC77991DB}.Release|Any CPU.Build.0 = Release|Any CPU
		{5FFA9863-F369-46B5-9564-5B76BB40E350}.Debug|Any CPU.ActiveCfg = Debug|Any CPU
		{5FFA9863-F369-46B5-9564-5B76BB40E350}.Debug|Any CPU.Build.0 = Debug|Any CPU
		{5FFA9863-F369-46B5-9564-5B76BB40E350}.Release|Any CPU.ActiveCfg = Release|Any CPU
		{5FFA9863-F369-46B5-9564-5B76BB40E350}.Release|Any CPU.Build.0 = Release|Any CPU
		{54634FF5-C967-4247-B46A-14C25B302B5A}.Debug|Any CPU.ActiveCfg = Debug|Any CPU
		{54634FF5-C967-4247-B46A-14C25B302B5A}.Debug|Any CPU.Build.0 = Debug|Any CPU
		{54634FF5-C967-4247-B46A-14C25B302B5A}.Release|Any CPU.ActiveCfg = Release|Any CPU
		{54634FF5-C967-4247-B46A-14C25B302B5A}.Release|Any CPU.Build.0 = Release|Any CPU
		{AEBB22A9-D052-4DCE-BC03-9570A0CFEBE5}.Debug|Any CPU.ActiveCfg = Debug|Any CPU
		{AEBB22A9-D052-4DCE-BC03-9570A0CFEBE5}.Debug|Any CPU.Build.0 = Debug|Any CPU
		{AEBB22A9-D052-4DCE-BC03-9570A0CFEBE5}.Release|Any CPU.ActiveCfg = Release|Any CPU
		{AEBB22A9-D052-4DCE-BC03-9570A0CFEBE5}.Release|Any CPU.Build.0 = Release|Any CPU
		{1BF3EEC5-3415-4BB7-86A8-647A519899F4}.Debug|Any CPU.ActiveCfg = Debug|Any CPU
		{1BF3EEC5-3415-4BB7-86A8-647A519899F4}.Debug|Any CPU.Build.0 = Debug|Any CPU
		{1BF3EEC5-3415-4BB7-86A8-647A519899F4}.Release|Any CPU.ActiveCfg = Release|Any CPU
		{1BF3EEC5-3415-4BB7-86A8-647A519899F4}.Release|Any CPU.Build.0 = Release|Any CPU
		{E7B9D687-1484-4A6C-8846-7D714514EDF2}.Debug|Any CPU.ActiveCfg = Debug|Any CPU
		{E7B9D687-1484-4A6C-8846-7D714514EDF2}.Debug|Any CPU.Build.0 = Debug|Any CPU
		{E7B9D687-1484-4A6C-8846-7D714514EDF2}.Release|Any CPU.ActiveCfg = Release|Any CPU
		{E7B9D687-1484-4A6C-8846-7D714514EDF2}.Release|Any CPU.Build.0 = Release|Any CPU
		{6DE4686F-A96E-4066-BF56-9EDFFFAF5615}.Debug|Any CPU.ActiveCfg = Debug|Any CPU
		{6DE4686F-A96E-4066-BF56-9EDFFFAF5615}.Debug|Any CPU.Build.0 = Debug|Any CPU
		{6DE4686F-A96E-4066-BF56-9EDFFFAF5615}.Release|Any CPU.ActiveCfg = Release|Any CPU
		{6DE4686F-A96E-4066-BF56-9EDFFFAF5615}.Release|Any CPU.Build.0 = Release|Any CPU
		{85229692-A2D5-436B-86BE-CC96662B8C13}.Debug|Any CPU.ActiveCfg = Debug|Any CPU
		{85229692-A2D5-436B-86BE-CC96662B8C13}.Debug|Any CPU.Build.0 = Debug|Any CPU
		{85229692-A2D5-436B-86BE-CC96662B8C13}.Release|Any CPU.ActiveCfg = Release|Any CPU
		{85229692-A2D5-436B-86BE-CC96662B8C13}.Release|Any CPU.Build.0 = Release|Any CPU
		{1E7F75E5-A392-427E-9DEC-2ED4A2021ED5}.Debug|Any CPU.ActiveCfg = Debug|Any CPU
		{1E7F75E5-A392-427E-9DEC-2ED4A2021ED5}.Debug|Any CPU.Build.0 = Debug|Any CPU
		{1E7F75E5-A392-427E-9DEC-2ED4A2021ED5}.Release|Any CPU.ActiveCfg = Release|Any CPU
		{1E7F75E5-A392-427E-9DEC-2ED4A2021ED5}.Release|Any CPU.Build.0 = Release|Any CPU
		{FFB2C45F-F8A4-455A-B604-4A01620B3D67}.Debug|Any CPU.ActiveCfg = Debug|Any CPU
		{FFB2C45F-F8A4-455A-B604-4A01620B3D67}.Debug|Any CPU.Build.0 = Debug|Any CPU
		{FFB2C45F-F8A4-455A-B604-4A01620B3D67}.Release|Any CPU.ActiveCfg = Release|Any CPU
		{FFB2C45F-F8A4-455A-B604-4A01620B3D67}.Release|Any CPU.Build.0 = Release|Any CPU
		{DF892B2A-158F-4768-B1C6-3B9722A303C7}.Debug|Any CPU.ActiveCfg = Debug|Any CPU
		{DF892B2A-158F-4768-B1C6-3B9722A303C7}.Debug|Any CPU.Build.0 = Debug|Any CPU
		{DF892B2A-158F-4768-B1C6-3B9722A303C7}.Release|Any CPU.ActiveCfg = Release|Any CPU
		{DF892B2A-158F-4768-B1C6-3B9722A303C7}.Release|Any CPU.Build.0 = Release|Any CPU
		{9BB6D253-7E04-441D-922D-10D7A4A80CF7}.Debug|Any CPU.ActiveCfg = Debug|Any CPU
		{9BB6D253-7E04-441D-922D-10D7A4A80CF7}.Debug|Any CPU.Build.0 = Debug|Any CPU
		{9BB6D253-7E04-441D-922D-10D7A4A80CF7}.Release|Any CPU.ActiveCfg = Release|Any CPU
		{9BB6D253-7E04-441D-922D-10D7A4A80CF7}.Release|Any CPU.Build.0 = Release|Any CPU
		{733C63F4-DE2F-404E-B1AA-302306F0828E}.Debug|Any CPU.ActiveCfg = Debug|Any CPU
		{733C63F4-DE2F-404E-B1AA-302306F0828E}.Debug|Any CPU.Build.0 = Debug|Any CPU
		{733C63F4-DE2F-404E-B1AA-302306F0828E}.Release|Any CPU.ActiveCfg = Release|Any CPU
		{733C63F4-DE2F-404E-B1AA-302306F0828E}.Release|Any CPU.Build.0 = Release|Any CPU
		{465F4126-5A01-4B54-965A-B2F8BDBC16D1}.Debug|Any CPU.ActiveCfg = Debug|Any CPU
		{465F4126-5A01-4B54-965A-B2F8BDBC16D1}.Debug|Any CPU.Build.0 = Debug|Any CPU
		{465F4126-5A01-4B54-965A-B2F8BDBC16D1}.Release|Any CPU.ActiveCfg = Release|Any CPU
		{465F4126-5A01-4B54-965A-B2F8BDBC16D1}.Release|Any CPU.Build.0 = Release|Any CPU
		{FD24583E-57FA-4F35-BCFD-C5C70D9AAD0E}.Debug|Any CPU.ActiveCfg = Debug|Any CPU
		{FD24583E-57FA-4F35-BCFD-C5C70D9AAD0E}.Debug|Any CPU.Build.0 = Debug|Any CPU
		{FD24583E-57FA-4F35-BCFD-C5C70D9AAD0E}.Release|Any CPU.ActiveCfg = Release|Any CPU
		{FD24583E-57FA-4F35-BCFD-C5C70D9AAD0E}.Release|Any CPU.Build.0 = Release|Any CPU
		{59015C94-614E-4C86-A5AF-FCFE591A4184}.Debug|Any CPU.ActiveCfg = Debug|Any CPU
		{59015C94-614E-4C86-A5AF-FCFE591A4184}.Debug|Any CPU.Build.0 = Debug|Any CPU
		{59015C94-614E-4C86-A5AF-FCFE591A4184}.Release|Any CPU.ActiveCfg = Release|Any CPU
		{59015C94-614E-4C86-A5AF-FCFE591A4184}.Release|Any CPU.Build.0 = Release|Any CPU
	EndGlobalSection
	GlobalSection(SolutionProperties) = preSolution
		HideSolutionNode = FALSE
	EndGlobalSection
EndGlobal
