
Microsoft Visual Studio Solution File, Format Version 12.00
# Visual Studio 2013
VisualStudioVersion = 12.0.21005.1
MinimumVisualStudioVersion = 10.0.40219.1
Project("{FAE04EC0-301F-11D3-BF4B-00C04F79EFBC}") = "01_LeapYear", "01_LeapYear\01_LeapYear.csproj", "{6B50A7F9-3C43-42CE-987E-719770951E78}"
EndProject
Project("{FAE04EC0-301F-11D3-BF4B-00C04F79EFBC}") = "04_TriangleSurfaceBySideAndAltitude", "04_TriangleSurfaceBySideAndAltitude\04_TriangleSurfaceBySideAndAltitude.csproj", "{A15600AE-853D-4EFB-A688-89943FE9BA26}"
EndProject
Project("{FAE04EC0-301F-11D3-BF4B-00C04F79EFBC}") = "05_TriangleSurfaceByThreeSides", "05_TriangleSurfaceByThreeSides\05_TriangleSurfaceByThreeSides.csproj", "{23374E61-4756-4CDA-BA99-E290E0C24F66}"
EndProject
Project("{FAE04EC0-301F-11D3-BF4B-00C04F79EFBC}") = "06_TriangleSurfaceByTwoSidesAndAnAngle", "06_TriangleSurfaceByTwoSidesAndAnAngle\06_TriangleSurfaceByTwoSidesAndAnAngle.csproj", "{4E8B5E2D-F117-4158-A3C7-6810D8C38A54}"
EndProject
Project("{FAE04EC0-301F-11D3-BF4B-00C04F79EFBC}") = "08_SumIntegers", "08_SumIntegers\08_SumIntegers.csproj", "{D53A6D72-A3E5-4920-A697-7AEB1DC581BC}"
EndProject
Global
	GlobalSection(SolutionConfigurationPlatforms) = preSolution
		Debug|Any CPU = Debug|Any CPU
		Release|Any CPU = Release|Any CPU
	EndGlobalSection
	GlobalSection(ProjectConfigurationPlatforms) = postSolution
		{6B50A7F9-3C43-42CE-987E-719770951E78}.Debug|Any CPU.ActiveCfg = Debug|Any CPU
		{6B50A7F9-3C43-42CE-987E-719770951E78}.Debug|Any CPU.Build.0 = Debug|Any CPU
		{6B50A7F9-3C43-42CE-987E-719770951E78}.Release|Any CPU.ActiveCfg = Release|Any CPU
		{6B50A7F9-3C43-42CE-987E-719770951E78}.Release|Any CPU.Build.0 = Release|Any CPU
		{A15600AE-853D-4EFB-A688-89943FE9BA26}.Debug|Any CPU.ActiveCfg = Debug|Any CPU
		{A15600AE-853D-4EFB-A688-89943FE9BA26}.Debug|Any CPU.Build.0 = Debug|Any CPU
		{A15600AE-853D-4EFB-A688-89943FE9BA26}.Release|Any CPU.ActiveCfg = Release|Any CPU
		{A15600AE-853D-4EFB-A688-89943FE9BA26}.Release|Any CPU.Build.0 = Release|Any CPU
		{23374E61-4756-4CDA-BA99-E290E0C24F66}.Debug|Any CPU.ActiveCfg = Debug|Any CPU
		{23374E61-4756-4CDA-BA99-E290E0C24F66}.Debug|Any CPU.Build.0 = Debug|Any CPU
		{23374E61-4756-4CDA-BA99-E290E0C24F66}.Release|Any CPU.ActiveCfg = Release|Any CPU
		{23374E61-4756-4CDA-BA99-E290E0C24F66}.Release|Any CPU.Build.0 = Release|Any CPU
		{4E8B5E2D-F117-4158-A3C7-6810D8C38A54}.Debug|Any CPU.ActiveCfg = Debug|Any CPU
		{4E8B5E2D-F117-4158-A3C7-6810D8C38A54}.Debug|Any CPU.Build.0 = Debug|Any CPU
		{4E8B5E2D-F117-4158-A3C7-6810D8C38A54}.Release|Any CPU.ActiveCfg = Release|Any CPU
		{4E8B5E2D-F117-4158-A3C7-6810D8C38A54}.Release|Any CPU.Build.0 = Release|Any CPU
		{D53A6D72-A3E5-4920-A697-7AEB1DC581BC}.Debug|Any CPU.ActiveCfg = Debug|Any CPU
		{D53A6D72-A3E5-4920-A697-7AEB1DC581BC}.Debug|Any CPU.Build.0 = Debug|Any CPU
		{D53A6D72-A3E5-4920-A697-7AEB1DC581BC}.Release|Any CPU.ActiveCfg = Release|Any CPU
		{D53A6D72-A3E5-4920-A697-7AEB1DC581BC}.Release|Any CPU.Build.0 = Release|Any CPU
	EndGlobalSection
	GlobalSection(SolutionProperties) = preSolution
		HideSolutionNode = FALSE
	EndGlobalSection
EndGlobal
