
Microsoft Visual Studio Solution File, Format Version 12.00
# Visual Studio 2013
VisualStudioVersion = 12.0.21005.1
MinimumVisualStudioVersion = 10.0.40219.1
Project("{FAE04EC0-301F-11D3-BF4B-00C04F79EFBC}") = "Project1", "Project1\Project1.csproj", "{2C55BB43-A559-4981-9FF8-157C234678D7}"
EndProject
Project("{FAE04EC0-301F-11D3-BF4B-00C04F79EFBC}") = "Project2", "Project2\Project2.csproj", "{4AF99F4F-765F-4376-9979-F289DD94E439}"
EndProject
Global
	GlobalSection(SolutionConfigurationPlatforms) = preSolution
		Debug|Any CPU = Debug|Any CPU
		Release|Any CPU = Release|Any CPU
	EndGlobalSection
	GlobalSection(ProjectConfigurationPlatforms) = postSolution
		{2C55BB43-A559-4981-9FF8-157C234678D7}.Debug|Any CPU.ActiveCfg = Debug|Any CPU
		{2C55BB43-A559-4981-9FF8-157C234678D7}.Debug|Any CPU.Build.0 = Debug|Any CPU
		{2C55BB43-A559-4981-9FF8-157C234678D7}.Release|Any CPU.ActiveCfg = Release|Any CPU
		{2C55BB43-A559-4981-9FF8-157C234678D7}.Release|Any CPU.Build.0 = Release|Any CPU
		{4AF99F4F-765F-4376-9979-F289DD94E439}.Debug|Any CPU.ActiveCfg = Debug|Any CPU
		{4AF99F4F-765F-4376-9979-F289DD94E439}.Debug|Any CPU.Build.0 = Debug|Any CPU
		{4AF99F4F-765F-4376-9979-F289DD94E439}.Release|Any CPU.ActiveCfg = Release|Any CPU
		{4AF99F4F-765F-4376-9979-F289DD94E439}.Release|Any CPU.Build.0 = Release|Any CPU
	EndGlobalSection
	GlobalSection(SolutionProperties) = preSolution
		HideSolutionNode = FALSE
	EndGlobalSection
EndGlobal
